// !$*UTF8*$!
{
	archiveVersion = 1;
	classes = {
	};
	objectVersion = 56;
	objects = {

/* Begin PBXBuildFile section */
		9A1000012C00000100000001 /* NoviosApp.swift in Sources */ = {isa = PBXBuildFile; fileRef = 9A2000012C00000100000001 /* NoviosApp.swift */; };
		9A002002C000000000000200 /* CapsulesView.swift in Sources */ = {isa = PBXBuildFile; fileRef = 9A100002C00000000000010000 /* CapsulesView.swift */; };
		9A002012C000000000000201 /* DateIdeasView.swift in Sources */ = {isa = PBXBuildFile; fileRef = 9A100012C00000000000010001 /* DateIdeasView.swift */; };
		9A002022C000000000000202 /* GamesView.swift in Sources */ = {isa = PBXBuildFile; fileRef = 9A100022C00000000000010002 /* GamesView.swift */; };
		9A002032C000000000000203 /* GoalsView.swift in Sources */ = {isa = PBXBuildFile; fileRef = 9A100032C00000000000010003 /* GoalsView.swift */; };
		9A002042C000000000000204 /* HomeView.swift in Sources */ = {isa = PBXBuildFile; fileRef = 9A100042C00000000000010004 /* HomeView.swift */; };
		9A002052C000000000000205 /* JournalView.swift in Sources */ = {isa = PBXBuildFile; fileRef = 9A100052C00000000000010005 /* JournalView.swift */; };
		9A002062C000000000000206 /* LettersView.swift in Sources */ = {isa = PBXBuildFile; fileRef = 9A100062C00000000000010006 /* LettersView.swift */; };
		9A002072C000000000000207 /* LoveView.swift in Sources */ = {isa = PBXBuildFile; fileRef = 9A100072C00000000000010007 /* LoveView.swift */; };
		9A002082C000000000000208 /* MemoriesView.swift in Sources */ = {isa = PBXBuildFile; fileRef = 9A100082C00000000000010008 /* MemoriesView.swift */; };
		9A002092C000000000000209 /* MusicView.swift in Sources */ = {isa = PBXBuildFile; fileRef = 9A100092C00000000000010009 /* MusicView.swift */; };
		9A0020A2C00000000000020A /* StatsView.swift in Sources */ = {isa = PBXBuildFile; fileRef = 9A1000A2C0000000000001000A /* StatsView.swift */; };
		9A0020B2C00000000000020B /* TodoView.swift in Sources */ = {isa = PBXBuildFile; fileRef = 9A1000B2C0000000000001000B /* TodoView.swift */; };
		9A000022C00000000000002 /* AppGate.swift in Sources */ = {isa = PBXBuildFile; fileRef = 9A003EA2C00000000000003EA /* AppGate.swift */; };
		9A000032C00000000000003 /* CustomTextField.swift in Sources */ = {isa = PBXBuildFile; fileRef = 9A003EB2C00000000000003EB /* CustomTextField.swift */; };
		9A000042C00000000000004 /* GlassCard.swift in Sources */ = {isa = PBXBuildFile; fileRef = 9A003EC2C00000000000003EC /* GlassCard.swift */; };
		9A000052C00000000000005 /* GradientButton.swift in Sources */ = {isa = PBXBuildFile; fileRef = 9A003ED2C00000000000003ED /* GradientButton.swift */; };
		9A000062C00000000000006 /* LiquidBackgroundView.swift in Sources */ = {isa = PBXBuildFile; fileRef = 9A003EE2C00000000000003EE /* LiquidBackgroundView.swift */; };
		9A0000A2C0000000000000A /* ThemeManager.swift in Sources */ = {isa = PBXBuildFile; fileRef = 9A003F22C00000000000003F2 /* ThemeManager.swift */; };
		9A0000C2C0000000000000C /* MessageModel.swift in Sources */ = {isa = PBXBuildFile; fileRef = 9A003F42C00000000000003F4 /* MessageModel.swift */; };
		9A0000E2C0000000000000E /* UserModel.swift in Sources */ = {isa = PBXBuildFile; fileRef = 9A003F62C00000000000003F6 /* UserModel.swift */; };
		9A000112C00000000000011 /* AuthService.swift in Sources */ = {isa = PBXBuildFile; fileRef = 9A003F92C00000000000003F9 /* AuthService.swift */; };
		9A000132C00000000000013 /* ChatService.swift in Sources */ = {isa = PBXBuildFile; fileRef = 9A003FB2C00000000000003FB /* ChatService.swift */; };
		9A000162C00000000000016 /* UserService.swift in Sources */ = {isa = PBXBuildFile; fileRef = 9A003FE2C00000000000003FE /* UserService.swift */; };

		9A0001C2C0000000000001C /* WelcomeView.swift in Sources */ = {isa = PBXBuildFile; fileRef = 9A004042C0000000000000404 /* WelcomeView.swift */; };
		9A0001D2C0000000000001D /* ChatBubbleView.swift in Sources */ = {isa = PBXBuildFile; fileRef = 9A004052C0000000000000405 /* ChatBubbleView.swift */; };
		9A0001E2C0000000000001E /* MessagesView.swift in Sources */ = {isa = PBXBuildFile; fileRef = 9A004062C0000000000000406 /* MessagesView.swift */; };
		9A000272C00000000000027 /* MainTabView.swift in Sources */ = {isa = PBXBuildFile; fileRef = 9A0040F2C000000000000040F /* MainTabView.swift */; };

		9A0004D2C00000000000004D /* FirebaseRESTService.swift in Sources */ = {isa = PBXBuildFile; fileRef = 9A004352C0000000000000435 /* FirebaseRESTService.swift */; };
		9A0004E2C00000000000004E /* StatusService.swift in Sources */ = {isa = PBXBuildFile; fileRef = 9A004362C0000000000000436 /* StatusService.swift */; };

		C7D0452E86ED57769C9C771B /* SettingsView.swift in Sources */ = {isa = PBXBuildFile; fileRef = 0D4F7B3D3DCF5B29A3B30953 /* SettingsView.swift */; };
		9A005012C000000000000051 /* ProfileView.swift in Sources */ = {isa = PBXBuildFile; fileRef = 9A005002C000000000000050 /* ProfileView.swift */; };
		9A005032C000000000000053 /* LocationService.swift in Sources */ = {isa = PBXBuildFile; fileRef = 9A005022C000000000000052 /* LocationService.swift */; };
		9A005042C000000000000054 /* LockScreenView.swift in Sources */ = {isa = PBXBuildFile; fileRef = 9A005052C000000000000055 /* LockScreenView.swift */; };
		9A005062C000000000000056 /* AIService.swift in Sources */ = {isa = PBXBuildFile; fileRef = 9A005072C000000000000057 /* AIService.swift */; };
		9A0050L2C000000000000086 /* LocalAIService.swift in Sources */ = {isa = PBXBuildFile; fileRef = 9A0050L3C000000000000087 /* LocalAIService.swift */; };
		9A005082C000000000000058 /* LocationView.swift in Sources */ = {isa = PBXBuildFile; fileRef = 9A005092C000000000000059 /* LocationView.swift */; };
		9A0050A2C00000000000005A /* CoupleService.swift in Sources */ = {isa = PBXBuildFile; fileRef = 9A0050B2C00000000000005B /* CoupleService.swift */; };
		9A0050U2C00000000000006E /* CoupleModel.swift in Sources */ = {isa = PBXBuildFile; fileRef = 9A0050V2C00000000000006F /* CoupleModel.swift */; };
		9A0050W2C000000000000070 /* MemoriesAndLettersView.swift in Sources */ = {isa = PBXBuildFile; fileRef = 9A0050X2C000000000000071 /* MemoriesAndLettersView.swift */; };
		9A0050Y2C000000000000072 /* DreamsAndGoalsView.swift in Sources */ = {isa = PBXBuildFile; fileRef = 9A0050Z2C000000000000073 /* DreamsAndGoalsView.swift */; };
		9A0050W2C000000000000074 /* NotificationsView.swift in Sources */ = {isa = PBXBuildFile; fileRef = 9A0050V2C000000000000074 /* NotificationsView.swift */; };
		9A0050W2C000000000000076 /* LiveStatusScreen.swift in Sources */ = {isa = PBXBuildFile; fileRef = 9A0050V2C000000000000076 /* LiveStatusScreen.swift */; };
		9A0050W2C000000000000077 /* GameHistoryView.swift in Sources */ = {isa = PBXBuildFile; fileRef = 9A0050V2C000000000000077 /* GameHistoryView.swift */; };
		9A0050W2C000000000000078 /* SpicyGamesView.swift in Sources */ = {isa = PBXBuildFile; fileRef = 9A0050V2C000000000000078 /* SpicyGamesView.swift */; };
		9A7000022C00000000000002 /* GoogleService-Info.plist in Resources */ = {isa = PBXBuildFile; fileRef = 9A004382C0000000000000438 /* GoogleService-Info.plist */; };
		9A0050W2C000000000000079 /* NotasView.swift in Sources */ = {isa = PBXBuildFile; fileRef = 9A0050V2C000000000000079 /* NotasView.swift */; };
		9A0050W2C000000000000080 /* LoveAIView.swift in Sources */ = {isa = PBXBuildFile; fileRef = 9A0050V2C000000000000080 /* LoveAIView.swift */; };
		9A0050W2C000000000000081 /* WishlistView.swift in Sources */ = {isa = PBXBuildFile; fileRef = 9A0050V2C000000000000081 /* WishlistView.swift */; };
		9A0050W2C000000000000082 /* DreamsView.swift in Sources */ = {isa = PBXBuildFile; fileRef = 9A0050V2C000000000000082 /* DreamsView.swift */; };
		9A0050W2C000000000000083 /* PlannerView.swift in Sources */ = {isa = PBXBuildFile; fileRef = 9A0050V2C000000000000083 /* PlannerView.swift */; };
		9A0050W2C000000000000084 /* DatesView.swift in Sources */ = {isa = PBXBuildFile; fileRef = 9A0050V2C000000000000084 /* DatesView.swift */; };
		9A0050W2C000000000000085 /* MoreView.swift in Sources */ = {isa = PBXBuildFile; fileRef = 9A0050V2C000000000000085 /* MoreView.swift */; };
		9A0050L6C000000000000090 /* LLaMARunner.swift in Sources */ = {isa = PBXBuildFile; fileRef = 9A0050L7C000000000000091 /* LLaMARunner.swift */; };
/* End PBXBuildFile section */
				9A9A0050L9C0000000000000 /* CompatibilityScreen.swift in Sources */ = {isa = PBXBuildFile; fileRef = 9A9A0050L8C0000000000000 /* CompatibilityScreen.swift */; };
				9A9A0050L9C0000000000001 /* EncryptionScreen.swift in Sources */ = {isa = PBXBuildFile; fileRef = 9A9A0050L8C0000000000001 /* EncryptionScreen.swift */; };
				9A9A0050L9C0000000000002 /* FavoriteGIFsScreen.swift in Sources */ = {isa = PBXBuildFile; fileRef = 9A9A0050L8C0000000000002 /* FavoriteGIFsScreen.swift */; };
				9A9A0050L9C0000000000003 /* ConstellationScreen.swift in Sources */ = {isa = PBXBuildFile; fileRef = 9A9A0050L8C0000000000003 /* ConstellationScreen.swift */; };
				9A9A0050L9C0000000000004 /* OnThisDayScreen.swift in Sources */ = {isa = PBXBuildFile; fileRef = 9A9A0050L8C0000000000004 /* OnThisDayScreen.swift */; };
				9A9A0050L9C0000000000005 /* VoiceMailboxScreen.swift in Sources */ = {isa = PBXBuildFile; fileRef = 9A9A0050L8C0000000000005 /* VoiceMailboxScreen.swift */; };
				9A9A0050L9C0000000000006 /* GiftsScreen.swift in Sources */ = {isa = PBXBuildFile; fileRef = 9A9A0050L8C0000000000006 /* GiftsScreen.swift */; };
				9A9A0050L9C0000000000007 /* RelationshipBookScreen.swift in Sources */ = {isa = PBXBuildFile; fileRef = 9A9A0050L8C0000000000007 /* RelationshipBookScreen.swift */; };

/* Begin PBXFileReference section */
		9A2000012C00000100000001 /* NoviosApp.swift */ = {isa = PBXFileReference; lastKnownFileType = sourcecode.swift; path = App/NoviosApp.swift; sourceTree = "<group>"; };
		9A2000002C00000000000000 /* Novios.app */ = {isa = PBXFileReference; explicitFileType = wrapper.application; includeInIndex = 0; path = Novios.app; sourceTree = BUILT_PRODUCTS_DIR; };
		9A100002C00000000000010000 /* CapsulesView.swift */ = {isa = PBXFileReference; lastKnownFileType = sourcecode.swift; path = Views/Love/CapsulesView.swift; sourceTree = "<group>"; };
		9A100012C00000000000010001 /* DateIdeasView.swift */ = {isa = PBXFileReference; lastKnownFileType = sourcecode.swift; path = Views/Love/DateIdeasView.swift; sourceTree = "<group>"; };
		9A100022C00000000000010002 /* GamesView.swift */ = {isa = PBXFileReference; lastKnownFileType = sourcecode.swift; path = Views/Love/GamesView.swift; sourceTree = "<group>"; };
		9A100032C00000000000010003 /* GoalsView.swift */ = {isa = PBXFileReference; lastKnownFileType = sourcecode.swift; path = Views/Love/GoalsView.swift; sourceTree = "<group>"; };
		9A100042C00000000000010004 /* HomeView.swift */ = {isa = PBXFileReference; lastKnownFileType = sourcecode.swift; path = Views/Love/HomeView.swift; sourceTree = "<group>"; };
		9A100052C00000000000010005 /* JournalView.swift */ = {isa = PBXFileReference; lastKnownFileType = sourcecode.swift; path = Views/Love/JournalView.swift; sourceTree = "<group>"; };
		9A100062C00000000000010006 /* LettersView.swift */ = {isa = PBXFileReference; lastKnownFileType = sourcecode.swift; path = Views/Love/LettersView.swift; sourceTree = "<group>"; };
		9A100072C00000000000010007 /* LoveView.swift */ = {isa = PBXFileReference; lastKnownFileType = sourcecode.swift; path = Views/Love/LoveView.swift; sourceTree = "<group>"; };
		9A100082C00000000000010008 /* MemoriesView.swift */ = {isa = PBXFileReference; lastKnownFileType = sourcecode.swift; path = Views/Love/MemoriesView.swift; sourceTree = "<group>"; };
		9A100092C00000000000010009 /* MusicView.swift */ = {isa = PBXFileReference; lastKnownFileType = sourcecode.swift; path = Views/Love/MusicView.swift; sourceTree = "<group>"; };
		9A1000A2C0000000000001000A /* StatsView.swift */ = {isa = PBXFileReference; lastKnownFileType = sourcecode.swift; path = Views/Love/StatsView.swift; sourceTree = "<group>"; };
		9A1000B2C0000000000001000B /* TodoView.swift */ = {isa = PBXFileReference; lastKnownFileType = sourcecode.swift; path = Views/Love/TodoView.swift; sourceTree = "<group>"; };
		9A003EA2C00000000000003EA /* AppGate.swift */ = {isa = PBXFileReference; lastKnownFileType = sourcecode.swift; path = App/AppGate.swift; sourceTree = "<group>"; };
		9A003EB2C00000000000003EB /* CustomTextField.swift */ = {isa = PBXFileReference; lastKnownFileType = sourcecode.swift; path = Components/CustomTextField.swift; sourceTree = "<group>"; };
		9A003EC2C00000000000003EC /* GlassCard.swift */ = {isa = PBXFileReference; lastKnownFileType = sourcecode.swift; path = Components/GlassCard.swift; sourceTree = "<group>"; };
		9A003ED2C00000000000003ED /* GradientButton.swift */ = {isa = PBXFileReference; lastKnownFileType = sourcecode.swift; path = Components/GradientButton.swift; sourceTree = "<group>"; };
		9A003EE2C00000000000003EE /* LiquidBackgroundView.swift */ = {isa = PBXFileReference; lastKnownFileType = sourcecode.swift; path = Components/LiquidBackgroundView.swift; sourceTree = "<group>"; };
		9A003F22C00000000000003F2 /* ThemeManager.swift */ = {isa = PBXFileReference; lastKnownFileType = sourcecode.swift; path = Core/ThemeManager.swift; sourceTree = "<group>"; };
		9A003F42C00000000000003F4 /* MessageModel.swift */ = {isa = PBXFileReference; lastKnownFileType = sourcecode.swift; path = Models/MessageModel.swift; sourceTree = "<group>"; };
		9A003F62C00000000000003F6 /* UserModel.swift */ = {isa = PBXFileReference; lastKnownFileType = sourcecode.swift; path = Models/UserModel.swift; sourceTree = "<group>"; };
		9A003F92C00000000000003F9 /* AuthService.swift */ = {isa = PBXFileReference; lastKnownFileType = sourcecode.swift; path = Services/AuthService.swift; sourceTree = "<group>"; };
		9A003FB2C00000000000003FB /* ChatService.swift */ = {isa = PBXFileReference; lastKnownFileType = sourcecode.swift; path = Services/ChatService.swift; sourceTree = "<group>"; };
		9A003FE2C00000000000003FE /* UserService.swift */ = {isa = PBXFileReference; lastKnownFileType = sourcecode.swift; path = Services/UserService.swift; sourceTree = "<group>"; };
		9A004002C0000000000000400 /* AddPartnerView.swift */ = {isa = PBXFileReference; lastKnownFileType = sourcecode.swift; path = Views/Auth/AddPartnerView.swift; sourceTree = "<group>"; };
		9A004042C0000000000000404 /* WelcomeView.swift */ = {isa = PBXFileReference; lastKnownFileType = sourcecode.swift; path = Views/Auth/WelcomeView.swift; sourceTree = "<group>"; };
		9A004052C0000000000000405 /* ChatBubbleView.swift */ = {isa = PBXFileReference; lastKnownFileType = sourcecode.swift; path = Views/Chat/ChatBubbleView.swift; sourceTree = "<group>"; };
		9A004062C0000000000000406 /* MessagesView.swift */ = {isa = PBXFileReference; lastKnownFileType = sourcecode.swift; path = Views/Chat/MessagesView.swift; sourceTree = "<group>"; };
		9A0040F2C000000000000040F /* MainTabView.swift */ = {isa = PBXFileReference; lastKnownFileType = sourcecode.swift; path = Views/Main/MainTabView.swift; sourceTree = "<group>"; };

		9A004352C0000000000000435 /* FirebaseRESTService.swift */ = {isa = PBXFileReference; lastKnownFileType = sourcecode.swift; path = Services/FirebaseRESTService.swift; sourceTree = "<group>"; };
		9A004362C0000000000000436 /* StatusService.swift */ = {isa = PBXFileReference; lastKnownFileType = sourcecode.swift; path = Services/StatusService.swift; sourceTree = "<group>"; };
		9A004382C0000000000000438 /* GoogleService-Info.plist */ = {isa = PBXFileReference; lastKnownFileType = text.plist.xml; path = "GoogleService-Info.plist"; sourceTree = "<group>"; };
		9A004392C0000000000000439 /* GoogleService-Info (1).plist */ = {isa = PBXFileReference; lastKnownFileType = text.plist.xml; path = "GoogleService-Info (1).plist"; sourceTree = "<group>"; };

		0D4F7B3D3DCF5B29A3B30953 /* SettingsView.swift */ = {isa = PBXFileReference; lastKnownFileType = sourcecode.swift; path = Views/Settings/SettingsView.swift; sourceTree = "<group>"; };
		9A005002C000000000000050 /* ProfileView.swift */ = {isa = PBXFileReference; lastKnownFileType = sourcecode.swift; path = Views/Profile/ProfileView.swift; sourceTree = "<group>"; };
		9A005022C000000000000052 /* LocationService.swift */ = {isa = PBXFileReference; lastKnownFileType = sourcecode.swift; path = Services/LocationService.swift; sourceTree = "<group>"; };
		9A005052C000000000000055 /* LockScreenView.swift */ = {isa = PBXFileReference; lastKnownFileType = sourcecode.swift; path = Views/Security/LockScreenView.swift; sourceTree = "<group>"; };
		9A005072C000000000000057 /* AIService.swift */ = {isa = PBXFileReference; lastKnownFileType = sourcecode.swift; path = Services/AIService.swift; sourceTree = "<group>"; };
		9A0050L3C000000000000087 /* LocalAIService.swift */ = {isa = PBXFileReference; lastKnownFileType = sourcecode.swift; path = Services/LocalAIService.swift; sourceTree = "<group>"; };
		9A0050L7C000000000000091 /* LLaMARunner.swift */ = {isa = PBXFileReference; lastKnownFileType = sourcecode.swift; path = Services/LLaMARunner.swift; sourceTree = "<group>"; };
				9A9A0050L8C0000000000000 /* CompatibilityScreen.swift */ = {isa = PBXFileReference; lastKnownFileType = sourcecode.swift; path = Views/More/CompatibilityScreen.swift; sourceTree = "<group>"; };
				9A9A0050L8C0000000000001 /* EncryptionScreen.swift */ = {isa = PBXFileReference; lastKnownFileType = sourcecode.swift; path = Views/More/EncryptionScreen.swift; sourceTree = "<group>"; };
				9A9A0050L8C0000000000002 /* FavoriteGIFsScreen.swift */ = {isa = PBXFileReference; lastKnownFileType = sourcecode.swift; path = Views/More/FavoriteGIFsScreen.swift; sourceTree = "<group>"; };
				9A9A0050L8C0000000000003 /* ConstellationScreen.swift */ = {isa = PBXFileReference; lastKnownFileType = sourcecode.swift; path = Views/More/ConstellationScreen.swift; sourceTree = "<group>"; };
				9A9A0050L8C0000000000004 /* OnThisDayScreen.swift */ = {isa = PBXFileReference; lastKnownFileType = sourcecode.swift; path = Views/More/OnThisDayScreen.swift; sourceTree = "<group>"; };
				9A9A0050L8C0000000000005 /* VoiceMailboxScreen.swift */ = {isa = PBXFileReference; lastKnownFileType = sourcecode.swift; path = Views/More/VoiceMailboxScreen.swift; sourceTree = "<group>"; };
				9A9A0050L8C0000000000006 /* GiftsScreen.swift */ = {isa = PBXFileReference; lastKnownFileType = sourcecode.swift; path = Views/More/GiftsScreen.swift; sourceTree = "<group>"; };
				9A9A0050L8C0000000000007 /* RelationshipBookScreen.swift */ = {isa = PBXFileReference; lastKnownFileType = sourcecode.swift; path = Views/More/RelationshipBookScreen.swift; sourceTree = "<group>"; };
		9A005092C000000000000059 /* LocationView.swift */ = {isa = PBXFileReference; lastKnownFileType = sourcecode.swift; path = Views/Location/LocationView.swift; sourceTree = "<group>"; };
		9A0050B2C00000000000005B /* CoupleService.swift */ = {isa = PBXFileReference; lastKnownFileType = sourcecode.swift; path = Services/CoupleService.swift; sourceTree = "<group>"; };
		9A0050V2C00000000000006F /* CoupleModel.swift */ = {isa = PBXFileReference; lastKnownFileType = sourcecode.swift; path = Models/CoupleModel.swift; sourceTree = "<group>"; };
		9A0050X2C000000000000071 /* MemoriesAndLettersView.swift */ = {isa = PBXFileReference; lastKnownFileType = sourcecode.swift; path = Views/Main/MemoriesAndLettersView.swift; sourceTree = "<group>"; };
		9A0050Z2C000000000000073 /* DreamsAndGoalsView.swift */ = {isa = PBXFileReference; lastKnownFileType = sourcecode.swift; path = Views/Main/DreamsAndGoalsView.swift; sourceTree = "<group>"; };
		9A0050V2C000000000000074 /* NotificationsView.swift */ = {isa = PBXFileReference; lastKnownFileType = sourcecode.swift; path = Views/Notifications/NotificationsView.swift; sourceTree = "<group>"; };
		9A0050V2C000000000000076 /* LiveStatusScreen.swift */ = {isa = PBXFileReference; lastKnownFileType = sourcecode.swift; path = Views/Love/LiveStatusScreen.swift; sourceTree = "<group>"; };
		9A0050V2C000000000000077 /* GameHistoryView.swift */ = {isa = PBXFileReference; lastKnownFileType = sourcecode.swift; path = Views/Love/GameHistoryView.swift; sourceTree = "<group>"; };
		9A0050V2C000000000000078 /* SpicyGamesView.swift */ = {isa = PBXFileReference; lastKnownFileType = sourcecode.swift; path = Views/Love/SpicyGamesView.swift; sourceTree = "<group>"; };
		9A0050V2C000000000000079 /* NotasView.swift */ = {isa = PBXFileReference; lastKnownFileType = sourcecode.swift; path = Views/Love/NotasView.swift; sourceTree = "<group>"; };
		9A0050V2C000000000000080 /* LoveAIView.swift */ = {isa = PBXFileReference; lastKnownFileType = sourcecode.swift; path = Views/Love/LoveAIView.swift; sourceTree = "<group>"; };
		9A0050V2C000000000000081 /* WishlistView.swift */ = {isa = PBXFileReference; lastKnownFileType = sourcecode.swift; path = Views/Love/WishlistView.swift; sourceTree = "<group>"; };
		9A0050V2C000000000000082 /* DreamsView.swift */ = {isa = PBXFileReference; lastKnownFileType = sourcecode.swift; path = Views/Love/DreamsView.swift; sourceTree = "<group>"; };
		9A0050V2C000000000000083 /* PlannerView.swift */ = {isa = PBXFileReference; lastKnownFileType = sourcecode.swift; path = Views/Love/PlannerView.swift; sourceTree = "<group>"; };
		9A0050V2C000000000000084 /* DatesView.swift */ = {isa = PBXFileReference; lastKnownFileType = sourcecode.swift; path = Views/Love/DatesView.swift; sourceTree = "<group>"; };
		9A0050V2C000000000000085 /* MoreView.swift */ = {isa = PBXFileReference; lastKnownFileType = sourcecode.swift; path = Views/Love/MoreView.swift; sourceTree = "<group>"; };
/* End PBXFileReference section */

/* Begin PBXFrameworksBuildPhase section */
		9A3000002C00000000000000 /* Frameworks */ = {
			isa = PBXFrameworksBuildPhase;
			buildActionMask = 2147483647;
			files = (
			);
			runOnlyForDeploymentPostprocessing = 0;
		};
/* End PBXFrameworksBuildPhase section */

/* Begin PBXResourcesBuildPhase section */
		9A7000012C00000000000001 /* Resources */ = {
			isa = PBXResourcesBuildPhase;
			buildActionMask = 2147483647;
			files = (
				9A7000022C00000000000002 /* GoogleService-Info.plist in Resources */,
			);
			runOnlyForDeploymentPostprocessing = 0;
		};
/* End PBXResourcesBuildPhase section */

/* Begin PBXGroup section */
		9A4000002C00000000000000 = {
			isa = PBXGroup;
			children = (
				9A4000012C00000000000000 /* Novios */,
				9A2000002C00000000000000 /* Novios.app */,
			);
			sourceTree = "<group>";
		};
		9A4000012C00000000000000 /* Novios */ = {
			isa = PBXGroup;
			children = (
				9A2000012C00000100000001 /* NoviosApp.swift */,
				9A100002C00000000000010000 /* CapsulesView.swift */,
				9A100012C00000000000010001 /* DateIdeasView.swift */,
				9A100022C00000000000010002 /* GamesView.swift */,
				9A100032C00000000000010003 /* GoalsView.swift */,
				9A100042C00000000000010004 /* HomeView.swift */,
				9A100052C00000000000010005 /* JournalView.swift */,
				9A100062C00000000000010006 /* LettersView.swift */,
				9A100072C00000000000010007 /* LoveView.swift */,
				9A100082C00000000000010008 /* MemoriesView.swift */,
				9A100092C00000000000010009 /* MusicView.swift */,
				9A1000A2C0000000000001000A /* StatsView.swift */,
				9A1000B2C0000000000001000B /* TodoView.swift */,
				9A003EA2C00000000000003EA /* AppGate.swift */,
				9A003EB2C00000000000003EB /* CustomTextField.swift */,
				9A003EC2C00000000000003EC /* GlassCard.swift */,
				9A003ED2C00000000000003ED /* GradientButton.swift */,
				9A003EE2C00000000000003EE /* LiquidBackgroundView.swift */,
				9A003F22C00000000000003F2 /* ThemeManager.swift */,
				9A003F42C00000000000003F4 /* MessageModel.swift */,
				9A003F62C00000000000003F6 /* UserModel.swift */,
				9A003F92C00000000000003F9 /* AuthService.swift */,
				9A003FB2C00000000000003FB /* ChatService.swift */,
				9A003FE2C00000000000003FE /* UserService.swift */,
				9A004002C0000000000000400 /* AddPartnerView.swift */,
				9A004042C0000000000000404 /* WelcomeView.swift */,
				9A004052C0000000000000405 /* ChatBubbleView.swift */,
				9A004062C0000000000000406 /* MessagesView.swift */,
				9A0040F2C000000000000040F /* MainTabView.swift */,

				9A004352C0000000000000435 /* FirebaseRESTService.swift */,
				9A004362C0000000000000436 /* StatusService.swift */,
				9A004382C0000000000000438 /* GoogleService-Info.plist */,
				9A004392C0000000000000439 /* GoogleService-Info (1).plist */,

				0D4F7B3D3DCF5B29A3B30953 /* SettingsView.swift */,

				9A005002C000000000000050 /* ProfileView.swift */,

				9A005022C000000000000052 /* LocationService.swift */,

				9A005052C000000000000055 /* LockScreenView.swift */,

				9A005072C000000000000057 /* AIService.swift */,

				9A0050L3C000000000000087 /* LocalAIService.swift */,

				9A0050L7C000000000000091 /* LLaMARunner.swift */,
				9A9A0050L8C0000000000000 /* CompatibilityScreen.swift */,
				9A9A0050L8C0000000000001 /* EncryptionScreen.swift */,
				9A9A0050L8C0000000000002 /* FavoriteGIFsScreen.swift */,
				9A9A0050L8C0000000000003 /* ConstellationScreen.swift */,
				9A9A0050L8C0000000000004 /* OnThisDayScreen.swift */,
				9A9A0050L8C0000000000005 /* VoiceMailboxScreen.swift */,
				9A9A0050L8C0000000000006 /* GiftsScreen.swift */,
				9A9A0050L8C0000000000007 /* RelationshipBookScreen.swift */,

				9A005092C000000000000059 /* LocationView.swift */,

				9A0050B2C00000000000005B /* CoupleService.swift */,

				9A0050V2C00000000000006F /* CoupleModel.swift */,

				9A0050X2C000000000000071 /* MemoriesAndLettersView.swift */,
				9A0050Z2C000000000000073 /* DreamsAndGoalsView.swift */,
				9A0050V2C000000000000074 /* NotificationsView.swift */,
				9A0050V2C000000000000076 /* LiveStatusScreen.swift */,
				9A0050V2C000000000000077 /* GameHistoryView.swift */,
				9A0050V2C000000000000078 /* SpicyGamesView.swift */,
				9A0050V2C000000000000079 /* NotasView.swift */,
				9A0050V2C000000000000080 /* LoveAIView.swift */,
				9A0050V2C000000000000081 /* WishlistView.swift */,
				9A0050V2C000000000000082 /* DreamsView.swift */,
				9A0050V2C000000000000083 /* PlannerView.swift */,
				9A0050V2C000000000000084 /* DatesView.swift */,
				9A0050V2C000000000000085 /* MoreView.swift */,
			);
			path = Novios;
			sourceTree = "<group>";
		};
/* End PBXGroup section */

/* Begin PBXNativeTarget section */
		9A5000002C00000000000000 /* Novios */ = {
			isa = PBXNativeTarget;
			buildConfigurationList = 9A6000002C00000000000000 /* Build configuration list for PBXNativeTarget "Novios" */;
			buildPhases = (
				9A7000002C00000000000000 /* Sources */,
				9A3000002C00000000000000 /* Frameworks */,
				9A7000012C00000000000001 /* Resources */,
			);
			buildRules = (
			);
			dependencies = (
			);
			name = Novios;
			productName = Novios;
			productReference = 9A2000002C00000000000000 /* Novios.app */;
			productType = "com.apple.product-type.application";
		};
/* End PBXNativeTarget section */

/* Begin PBXProject section */
		9A0000002C00000000000000 /* Project object */ = {
			isa = PBXProject;
			attributes = {
				BuildIndependentTargetsInParallel = 1;
				LastSwiftUpdateCheck = 1540;
				LastUpgradeCheck = 1540;
				TargetAttributes = {
					9A5000002C00000000000000 = {
						CreatedOnToolsVersion = 15.4;
					};
				};
			};
			buildConfigurationList = 9A8000002C00000000000000 /* Build configuration list for PBXProject "Novios" */;
			compatibilityVersion = "Xcode 14.0";
			developmentRegion = en;
			hasScannedForEncodings = 0;
			knownRegions = (
				en,
				Base,
			);
			mainGroup = 9A4000002C00000000000000;
			productRefGroup = 9A4000002C00000000000000;
			projectDirPath = "";
			projectRoot = "";
			targets = (
				9A5000002C00000000000000 /* Novios */,
			);
		};
/* End PBXProject section */

/* Begin PBXSourcesBuildPhase section */
		9A7000002C00000000000000 /* Sources */ = {
			isa = PBXSourcesBuildPhase;
			buildActionMask = 2147483647;
			files = (
				9A1000012C00000100000001 /* NoviosApp.swift in Sources */,
				9A002002C000000000000200 /* CapsulesView.swift in Sources */,
				9A002012C000000000000201 /* DateIdeasView.swift in Sources */,
				9A002022C000000000000202 /* GamesView.swift in Sources */,
				9A002032C000000000000203 /* GoalsView.swift in Sources */,
				9A002042C000000000000204 /* HomeView.swift in Sources */,
				9A002052C000000000000205 /* JournalView.swift in Sources */,
				9A002062C000000000000206 /* LettersView.swift in Sources */,
				9A002072C000000000000207 /* LoveView.swift in Sources */,
				9A002082C000000000000208 /* MemoriesView.swift in Sources */,
				9A002092C000000000000209 /* MusicView.swift in Sources */,
				9A0020A2C00000000000020A /* StatsView.swift in Sources */,
				9A0020B2C00000000000020B /* TodoView.swift in Sources */,
				9A000022C00000000000002 /* AppGate.swift in Sources */,
				9A000032C00000000000003 /* CustomTextField.swift in Sources */,
				9A000042C00000000000004 /* GlassCard.swift in Sources */,
				9A000052C00000000000005 /* GradientButton.swift in Sources */,
				9A000062C00000000000006 /* LiquidBackgroundView.swift in Sources */,
				9A0000A2C0000000000000A /* ThemeManager.swift in Sources */,
				9A0000C2C0000000000000C /* MessageModel.swift in Sources */,
				9A0000E2C0000000000000E /* UserModel.swift in Sources */,
				9A000112C00000000000011 /* AuthService.swift in Sources */,
				9A000132C00000000000013 /* ChatService.swift in Sources */,
				9A000162C00000000000016 /* UserService.swift in Sources */,
	9A0001C2C0000000000001C /* WelcomeView.swift in Sources */,
				9A0001D2C0000000000001D /* ChatBubbleView.swift in Sources */,
				9A0001E2C0000000000001E /* MessagesView.swift in Sources */,
				9A000272C00000000000027 /* MainTabView.swift in Sources */,

				9A0004D2C00000000000004D /* FirebaseRESTService.swift in Sources */,
				9A0004E2C00000000000004E /* StatusService.swift in Sources */,
					C7D0452E86ED57769C9C771B /* SettingsView.swift in Sources */,
				9A005012C000000000000051 /* ProfileView.swift in Sources */,
				9A005032C000000000000053 /* LocationService.swift in Sources */,
				9A005042C000000000000054 /* LockScreenView.swift in Sources */,
				9A005062C000000000000056 /* AIService.swift in Sources */,
				9A0050L2C000000000000086 /* LocalAIService.swift in Sources */,
				9A0050L6C000000000000090 /* LLaMARunner.swift in Sources */,
				9A9A0050L9C0000000000000 /* CompatibilityScreen.swift in Sources */,
				9A9A0050L9C0000000000001 /* EncryptionScreen.swift in Sources */,
				9A9A0050L9C0000000000002 /* FavoriteGIFsScreen.swift in Sources */,
				9A9A0050L9C0000000000003 /* ConstellationScreen.swift in Sources */,
				9A9A0050L9C0000000000004 /* OnThisDayScreen.swift in Sources */,
				9A9A0050L9C0000000000005 /* VoiceMailboxScreen.swift in Sources */,
				9A9A0050L9C0000000000006 /* GiftsScreen.swift in Sources */,
				9A9A0050L9C0000000000007 /* RelationshipBookScreen.swift in Sources */,
				9A005082C000000000000058 /* LocationView.swift in Sources */,
				9A0050A2C00000000000005A /* CoupleService.swift in Sources */,
				9A0050U2C00000000000006E /* CoupleModel.swift in Sources */,
				9A0050W2C000000000000070 /* MemoriesAndLettersView.swift in Sources */,
				9A0050Y2C000000000000072 /* DreamsAndGoalsView.swift in Sources */,
				9A0050W2C000000000000074 /* NotificationsView.swift in Sources */,
				9A0050W2C000000000000076 /* LiveStatusScreen.swift in Sources */,
				9A0050W2C000000000000077 /* GameHistoryView.swift in Sources */,
				9A0050W2C000000000000078 /* SpicyGamesView.swift in Sources */,
				9A0050W2C000000000000079 /* NotasView.swift in Sources */,
				9A0050W2C000000000000080 /* LoveAIView.swift in Sources */,
				9A0050W2C000000000000081 /* WishlistView.swift in Sources */,
				9A0050W2C000000000000082 /* DreamsView.swift in Sources */,
				9A0050W2C000000000000083 /* PlannerView.swift in Sources */,
				9A0050W2C000000000000084 /* DatesView.swift in Sources */,
				9A0050W2C000000000000085 /* MoreView.swift in Sources */,
			);
			runOnlyForDeploymentPostprocessing = 0;
		};
/* End PBXSourcesBuildPhase section */

/* Begin XCBuildConfiguration section */
		9A9000002C00000000000000 /* Debug */ = {
			isa = XCBuildConfiguration;
			buildSettings = {
												SDKROOT = iphoneos;
SDKROOT = iphoneos;
ALWAYS_SEARCH_USER_PATHS = NO;
				ASSETCATALOG_COMPILER_APPICON_NAME = AppIcon;
				ASSETCATALOG_COMPILER_GLOBAL_ACCENT_COLOR_NAME = AccentColor;
				CLANG_ENABLE_MODULES = YES;
				ASSETCATALOG_COMPILER_APPICON_NAME = AppIcon;
				CODE_SIGN_STYLE = Automatic;
				CURRENT_PROJECT_VERSION = 5;
				GENERATE_INFOPLIST_FILE = YES;
				INFOPLIST_KEY_NSLocationWhenInUseUsageDescription = "Novios necesita tu ubicación para compartirla con tu pareja.";
				INFOPLIST_KEY_NSLocationAlwaysAndWhenInUseUsageDescription = "Novios necesita tu ubicación en segundo plano para notificar a tu pareja cuando estés cerca.";
				INFOPLIST_KEY_NSMicrophoneUsageDescription = "Novios necesita acceso al micrófono para grabar y enviar notas de voz a tu pareja.";
				INFOPLIST_KEY_NSCameraUsageDescription = "Novios necesita acceso a la cámara para tomar y compartir fotos con tu pareja.";
				INFOPLIST_KEY_NSPhotoLibraryUsageDescription = "Novios necesita acceso a tu galería para enviar fotos y recuerdos a tu pareja.";
				INFOPLIST_KEY_UIApplicationSceneManifest_Generation = YES;
				INFOPLIST_KEY_UIApplicationSupportsIndirectInputEvents = YES;
				INFOPLIST_KEY_UILaunchScreen_Generation = YES;
				INFOPLIST_KEY_UISupportedInterfaceOrientations_iPhone = "UIInterfaceOrientationPortrait";
				IPHONEOS_DEPLOYMENT_TARGET = 16.0;
				LD_RUNPATH_SEARCH_PATHS = (
					"$(inherited)",
					"@executable_path/Frameworks",
				);
				MARKETING_VERSION = 1.4.0;
				PRODUCT_BUNDLE_IDENTIFIER = com.novios;
				PRODUCT_NAME = "$(TARGET_NAME)";
				SWIFT_EMIT_LOC_STRINGS = YES;
				SWIFT_VERSION = 5.0;
				TARGETED_DEVICE_FAMILY = "1";
			};
			name = Debug;
		};
		9A9000012C00000000000000 /* Release */ = {
			isa = XCBuildConfiguration;
			buildSettings = {
												SDKROOT = iphoneos;
SDKROOT = iphoneos;
ALWAYS_SEARCH_USER_PATHS = NO;
				ASSETCATALOG_COMPILER_APPICON_NAME = AppIcon;
				ASSETCATALOG_COMPILER_GLOBAL_ACCENT_COLOR_NAME = AccentColor;
				CLANG_ENABLE_MODULES = YES;
				CODE_SIGN_STYLE = Automatic;
				CURRENT_PROJECT_VERSION = 5;
				GENERATE_INFOPLIST_FILE = YES;
				INFOPLIST_KEY_NSLocationWhenInUseUsageDescription = "Novios necesita tu ubicación para compartirla con tu pareja.";
				INFOPLIST_KEY_NSLocationAlwaysAndWhenInUseUsageDescription = "Novios necesita tu ubicación en segundo plano para notificar a tu pareja cuando estés cerca.";
				INFOPLIST_KEY_NSMicrophoneUsageDescription = "Novios necesita acceso al micrófono para grabar y enviar notas de voz a tu pareja.";
				INFOPLIST_KEY_NSCameraUsageDescription = "Novios necesita acceso a la cámara para tomar y compartir fotos con tu pareja.";
				INFOPLIST_KEY_NSPhotoLibraryUsageDescription = "Novios necesita acceso a tu galería para enviar fotos y recuerdos a tu pareja.";
				INFOPLIST_KEY_UIApplicationSceneManifest_Generation = YES;
				INFOPLIST_KEY_UIApplicationSupportsIndirectInputEvents = YES;
				INFOPLIST_KEY_UILaunchScreen_Generation = YES;
				INFOPLIST_KEY_UISupportedInterfaceOrientations_iPhone = "UIInterfaceOrientationPortrait";
				IPHONEOS_DEPLOYMENT_TARGET = 16.0;
				LD_RUNPATH_SEARCH_PATHS = (
					"$(inherited)",
					"@executable_path/Frameworks",
				);
				MARKETING_VERSION = 1.4.0;
				PRODUCT_BUNDLE_IDENTIFIER = com.novios;
				PRODUCT_NAME = "$(TARGET_NAME)";
				SWIFT_EMIT_LOC_STRINGS = YES;
				SWIFT_VERSION = 5.0;
				TARGETED_DEVICE_FAMILY = "1";
			};
			name = Release;
		};
/* End XCBuildConfiguration section */

/* Begin XCConfigurationList section */
		9A6000002C00000000000000 /* Build configuration list for PBXNativeTarget "Novios" */ = {
			isa = XCConfigurationList;
			buildConfigurations = (
				9A9000002C00000000000000 /* Debug */,
				9A9000012C00000000000000 /* Release */,
			);
			defaultConfigurationIsVisible = 0;
			defaultConfigurationName = Release;
		};
		9A8000002C00000000000000 /* Build configuration list for PBXProject "Novios" */ = {
			isa = XCConfigurationList;
			buildConfigurations = (
				9A9000002C00000000000000 /* Debug */,
				9A9000012C00000000000000 /* Release */,
			);
			defaultConfigurationIsVisible = 0;
			defaultConfigurationName = Release;
		};
/* End XCConfigurationList section */
	};
	rootObject = 9A0000002C00000000000000 /* Project object */;
}

